
Microsoft Visual Studio Solution File, Format Version 12.00
# Visual Studio Version 16
VisualStudioVersion = 16.0.28803.452
MinimumVisualStudioVersion = 10.0.40219.1
Project("{8BC9CEB8-8B4A-11D0-8D11-00A0C91BC942}") = "new_beam", "new_beam.vcxproj", "{50B9521A-0D54-4CBA-8C21-802EDFAE4129}"
EndProject
Global
	GlobalSection(SolutionConfigurationPlatforms) = preSolution
		Debug|x64 = Debug|x64
		Debug|x86 = Debug|x86
		Release|x64 = Release|x64
		Release|x86 = Release|x86
	EndGlobalSection
	GlobalSection(ProjectConfigurationPlatforms) = postSolution
		{50B9521A-0D54-4CBA-8C21-802EDFAE4129}.Debug|x64.ActiveCfg = Debug|x64
		{50B9521A-0D54-4CBA-8C21-802EDFAE4129}.Debug|x64.Build.0 = Debug|x64
		{50B9521A-0D54-4CBA-8C21-802EDFAE4129}.Debug|x86.ActiveCfg = Debug|Win32
		{50B9521A-0D54-4CBA-8C21-802EDFAE4129}.Debug|x86.Build.0 = Debug|Win32
		{50B9521A-0D54-4CBA-8C21-802EDFAE4129}.Release|x64.ActiveCfg = Release|x64
		{50B9521A-0D54-4CBA-8C21-802EDFAE4129}.Release|x64.Build.0 = Release|x64
		{50B9521A-0D54-4CBA-8C21-802EDFAE4129}.Release|x86.ActiveCfg = Release|Win32
		{50B9521A-0D54-4CBA-8C21-802EDFAE4129}.Release|x86.Build.0 = Release|Win32
	EndGlobalSection
	GlobalSection(SolutionProperties) = preSolution
		HideSolutionNode = FALSE
	EndGlobalSection
	GlobalSection(ExtensibilityGlobals) = postSolution
		SolutionGuid = {6643ED2E-CA91-4F2C-9937-771D1634557D}
	EndGlobalSection
EndGlobal
